PODS:
  - Bolts (1.2.0):
    - Bolts/AppLinks (= 1.2.0)
    - Bolts/Tasks (= 1.2.0)
  - Bolts/AppLinks (1.2.0):
    - Bolts/Tasks
  - Bolts/Tasks (1.2.0)
  - FBSDKCoreKit (4.3.0):
    - Bolts (~> 1.1)
    - FBSDKCoreKit/arc (= 4.3.0)
    - FBSDKCoreKit/no-arc (= 4.3.0)
  - FBSDKCoreKit/arc (4.3.0):
    - Bolts (~> 1.1)
  - FBSDKCoreKit/no-arc (4.3.0):
    - Bolts (~> 1.1)
    - FBSDKCoreKit/arc

DEPENDENCIES:
  - FBSDKCoreKit

SPEC CHECKSUMS:
  Bolts: d176cb1e0012175589e389a9db49b85e27787576
  FBSDKCoreKit: a3a60225a84abeace291d0fe71cae29a627382c2

COCOAPODS: 0.37.2
